
Microsoft Visual Studio Solution File, Format Version 12.00
# Visual Studio Version 17
VisualStudioVersion = 17.3.32825.248
MinimumVisualStudioVersion = 10.0.40219.1
Project("{9A19103F-16F7-4668-BE54-9A1E7A4F7556}") = "Week8 game", "Week8 game\Week8 game.csproj", "{9FA4D890-8E7D-4638-BF4D-956CCD4DC68E}"
EndProject
Project("{9A19103F-16F7-4668-BE54-9A1E7A4F7556}") = "chucky", "..\chucky\chucky\chucky.csproj", "{49818DE6-2A95-47D1-A50D-F0F60B8282DC}"
EndProject
Global
	GlobalSection(SolutionConfigurationPlatforms) = preSolution
		Debug|Any CPU = Debug|Any CPU
		Release|Any CPU = Release|Any CPU
	EndGlobalSection
	GlobalSection(ProjectConfigurationPlatforms) = postSolution
		{9FA4D890-8E7D-4638-BF4D-956CCD4DC68E}.Debug|Any CPU.ActiveCfg = Debug|Any CPU
		{9FA4D890-8E7D-4638-BF4D-956CCD4DC68E}.Debug|Any CPU.Build.0 = Debug|Any CPU
		{9FA4D890-8E7D-4638-BF4D-956CCD4DC68E}.Release|Any CPU.ActiveCfg = Release|Any CPU
		{9FA4D890-8E7D-4638-BF4D-956CCD4DC68E}.Release|Any CPU.Build.0 = Release|Any CPU
		{49818DE6-2A95-47D1-A50D-F0F60B8282DC}.Debug|Any CPU.ActiveCfg = Debug|Any CPU
		{49818DE6-2A95-47D1-A50D-F0F60B8282DC}.Debug|Any CPU.Build.0 = Debug|Any CPU
		{49818DE6-2A95-47D1-A50D-F0F60B8282DC}.Release|Any CPU.ActiveCfg = Release|Any CPU
		{49818DE6-2A95-47D1-A50D-F0F60B8282DC}.Release|Any CPU.Build.0 = Release|Any CPU
	EndGlobalSection
	GlobalSection(SolutionProperties) = preSolution
		HideSolutionNode = FALSE
	EndGlobalSection
	GlobalSection(ExtensibilityGlobals) = postSolution
		SolutionGuid = {AE49B3F1-CC80-4A15-8945-7A9469AEFCAA}
	EndGlobalSection
EndGlobal
